GEM
  remote: https://rubygems.org/
  specs:
    concurrent-ruby (1.3.6)
    diff-lcs (1.6.2)
    faker (1.9.6)
      i18n (>= 0.7)
    gen-test (0.2.0)
      faker (~> 1.9.6)
      regexp-examples (~> 1.5.0)
    i18n (1.14.8)
      concurrent-ruby (~> 1.0)
    regexp-examples (1.5.1)
    rspec (3.13.2)
      rspec-core (~> 3.13.0)
      rspec-expectations (~> 3.13.0)
      rspec-mocks (~> 3.13.0)
    rspec-core (3.13.6)
      rspec-support (~> 3.13.0)
    rspec-expectations (3.13.5)
      diff-lcs (>= 1.2.0, < 2.0)
      rspec-support (~> 3.13.0)
    rspec-mocks (3.13.7)
      diff-lcs (>= 1.2.0, < 2.0)
      rspec-support (~> 3.13.0)
    rspec-support (3.13.7)

PLATFORMS
  arm64-darwin-24
  ruby

DEPENDENCIES
  gen-test
  rspec

CHECKSUMS
  concurrent-ruby (1.3.6) sha256=6b56837e1e7e5292f9864f34b69c5a2cbc75c0cf5338f1ce9903d10fa762d5ab
  diff-lcs (1.6.2) sha256=9ae0d2cba7d4df3075fe8cd8602a8604993efc0dfa934cff568969efb1909962
  faker (1.9.6) sha256=a76fc93e10036cbba29462cae44bb562717931456ab05830203db036991597b3
  gen-test (0.2.0) sha256=7833ee37023530b5bba12f31c4bf44147f6f47bbed98f7bd193a30d1602d6a25
  i18n (1.14.8) sha256=285778639134865c5e0f6269e0b818256017e8cde89993fdfcbfb64d088824a5
  regexp-examples (1.5.1) sha256=3b896eb11f0da1b9ad9afda62e152bcdc007ea20b33793fec058182b3fe3d371
  rspec (3.13.2) sha256=206284a08ad798e61f86d7ca3e376718d52c0bc944626b2349266f239f820587
  rspec-core (3.13.6) sha256=a8823c6411667b60a8bca135364351dda34cd55e44ff94c4be4633b37d828b2d
  rspec-expectations (3.13.5) sha256=33a4d3a1d95060aea4c94e9f237030a8f9eae5615e9bd85718fe3a09e4b58836
  rspec-mocks (3.13.7) sha256=0979034e64b1d7a838aaaddf12bf065ea4dc40ef3d4c39f01f93ae2c66c62b1c
  rspec-support (3.13.7) sha256=0640e5570872aafefd79867901deeeeb40b0c9875a36b983d85f54fb7381c47c

BUNDLED WITH
  4.0.5
